// !$*UTF8*$!
{
	archiveVersion = 1;
	classes = {
	};
	objectVersion = 50;
	objects = {

/* Begin PBXBuildFile section */
		1EE7D1AE22D32D1800E36AD7 /* AppDelegate.swift in Sources */ = {isa = PBXBuildFile; fileRef = 1EE7D1AD22D32D1800E36AD7 /* AppDelegate.swift */; };
		1EE7D1B022D32D1800E36AD7 /* vc1.swift in Sources */ = {isa = PBXBuildFile; fileRef = 1EE7D1AF22D32D1800E36AD7 /* vc1.swift */; };
		1EE7D1B322D32D1800E36AD7 /* Main.storyboard in Resources */ = {isa = PBXBuildFile; fileRef = 1EE7D1B122D32D1800E36AD7 /* Main.storyboard */; };
		1EE7D1B522D32D1900E36AD7 /* Assets.xcassets in Resources */ = {isa = PBXBuildFile; fileRef = 1EE7D1B422D32D1900E36AD7 /* Assets.xcassets */; };
		1EE7D1B822D32D1900E36AD7 /* LaunchScreen.storyboard in Resources */ = {isa = PBXBuildFile; fileRef = 1EE7D1B622D32D1900E36AD7 /* LaunchScreen.storyboard */; };
		1EE7D1C022D32E8200E36AD7 /* vc2.swift in Sources */ = {isa = PBXBuildFile; fileRef = 1EE7D1BF22D32E8200E36AD7 /* vc2.swift */; };
		1EE7D1C222D32E9600E36AD7 /* vc3.swift in Sources */ = {isa = PBXBuildFile; fileRef = 1EE7D1C122D32E9600E36AD7 /* vc3.swift */; };
		1EE7D1C722D3369800E36AD7 /* TabBarController.swift in Sources */ = {isa = PBXBuildFile; fileRef = 1EE7D1C622D3369800E36AD7 /* TabBarController.swift */; };
		1EE7D1CA22D3437400E36AD7 /* CloseViewController.swift in Sources */ = {isa = PBXBuildFile; fileRef = 1EE7D1C922D3437400E36AD7 /* CloseViewController.swift */; };
		1EE7D1CC22D3449B00E36AD7 /* BackViewController.swift in Sources */ = {isa = PBXBuildFile; fileRef = 1EE7D1CB22D3449B00E36AD7 /* BackViewController.swift */; };
/* End PBXBuildFile section */

/* Begin PBXFileReference section */
		1EE7D1AA22D32D1800E36AD7 /* tabBar1.app */ = {isa = PBXFileReference; explicitFileType = wrapper.application; includeInIndex = 0; path = tabBar1.app; sourceTree = BUILT_PRODUCTS_DIR; };
		1EE7D1AD22D32D1800E36AD7 /* AppDelegate.swift */ = {isa = PBXFileReference; lastKnownFileType = sourcecode.swift; path = AppDelegate.swift; sourceTree = "<group>"; };
		1EE7D1AF22D32D1800E36AD7 /* vc1.swift */ = {isa = PBXFileReference; lastKnownFileType = sourcecode.swift; path = vc1.swift; sourceTree = "<group>"; };
		1EE7D1B222D32D1800E36AD7 /* Base */ = {isa = PBXFileReference; lastKnownFileType = file.storyboard; name = Base; path = Base.lproj/Main.storyboard; sourceTree = "<group>"; };
		1EE7D1B422D32D1900E36AD7 /* Assets.xcassets */ = {isa = PBXFileReference; lastKnownFileType = folder.assetcatalog; path = Assets.xcassets; sourceTree = "<group>"; };
		1EE7D1B722D32D1900E36AD7 /* Base */ = {isa = PBXFileReference; lastKnownFileType = file.storyboard; name = Base; path = Base.lproj/LaunchScreen.storyboard; sourceTree = "<group>"; };
		1EE7D1B922D32D1900E36AD7 /* Info.plist */ = {isa = PBXFileReference; lastKnownFileType = text.plist.xml; path = Info.plist; sourceTree = "<group>"; };
		1EE7D1BF22D32E8200E36AD7 /* vc2.swift */ = {isa = PBXFileReference; lastKnownFileType = sourcecode.swift; path = vc2.swift; sourceTree = "<group>"; };
		1EE7D1C122D32E9600E36AD7 /* vc3.swift */ = {isa = PBXFileReference; lastKnownFileType = sourcecode.swift; path = vc3.swift; sourceTree = "<group>"; };
		1EE7D1C622D3369800E36AD7 /* TabBarController.swift */ = {isa = PBXFileReference; lastKnownFileType = sourcecode.swift; path = TabBarController.swift; sourceTree = "<group>"; };
		1EE7D1C922D3437400E36AD7 /* CloseViewController.swift */ = {isa = PBXFileReference; lastKnownFileType = sourcecode.swift; path = CloseViewController.swift; sourceTree = "<group>"; };
		1EE7D1CB22D3449B00E36AD7 /* BackViewController.swift */ = {isa = PBXFileReference; lastKnownFileType = sourcecode.swift; path = BackViewController.swift; sourceTree = "<group>"; };
/* End PBXFileReference section */

/* Begin PBXFrameworksBuildPhase section */
		1EE7D1A722D32D1800E36AD7 /* Frameworks */ = {
			isa = PBXFrameworksBuildPhase;
			buildActionMask = 2147483647;
			files = (
			);
			runOnlyForDeploymentPostprocessing = 0;
		};
/* End PBXFrameworksBuildPhase section */

/* Begin PBXGroup section */
		1EE7D1A122D32D1800E36AD7 = {
			isa = PBXGroup;
			children = (
				1EE7D1AC22D32D1800E36AD7 /* tabBar1 */,
				1EE7D1AB22D32D1800E36AD7 /* Products */,
			);
			sourceTree = "<group>";
		};
		1EE7D1AB22D32D1800E36AD7 /* Products */ = {
			isa = PBXGroup;
			children = (
				1EE7D1AA22D32D1800E36AD7 /* tabBar1.app */,
			);
			name = Products;
			sourceTree = "<group>";
		};
		1EE7D1AC22D32D1800E36AD7 /* tabBar1 */ = {
			isa = PBXGroup;
			children = (
				1EE7D1AD22D32D1800E36AD7 /* AppDelegate.swift */,
				1EE7D1C322D3300300E36AD7 /* Controllers */,
				1EE7D1CE22D34AE700E36AD7 /* Views */,
				1EE7D1CD22D34AD700E36AD7 /* Supporting Files */,
				1EE7D1B922D32D1900E36AD7 /* Info.plist */,
			);
			path = tabBar1;
			sourceTree = "<group>";
		};
		1EE7D1C322D3300300E36AD7 /* Controllers */ = {
			isa = PBXGroup;
			children = (
				1EE7D1AF22D32D1800E36AD7 /* vc1.swift */,
				1EE7D1BF22D32E8200E36AD7 /* vc2.swift */,
				1EE7D1C122D32E9600E36AD7 /* vc3.swift */,
				1EE7D1C622D3369800E36AD7 /* TabBarController.swift */,
				1EE7D1C922D3437400E36AD7 /* CloseViewController.swift */,
				1EE7D1CB22D3449B00E36AD7 /* BackViewController.swift */,
			);
			path = Controllers;
			sourceTree = "<group>";
		};
		1EE7D1CD22D34AD700E36AD7 /* Supporting Files */ = {
			isa = PBXGroup;
			children = (
				1EE7D1B422D32D1900E36AD7 /* Assets.xcassets */,
				1EE7D1B622D32D1900E36AD7 /* LaunchScreen.storyboard */,
			);
			path = "Supporting Files";
			sourceTree = "<group>";
		};
		1EE7D1CE22D34AE700E36AD7 /* Views */ = {
			isa = PBXGroup;
			children = (
				1EE7D1B122D32D1800E36AD7 /* Main.storyboard */,
			);
			path = Views;
			sourceTree = "<group>";
		};
/* End PBXGroup section */

/* Begin PBXNativeTarget section */
		1EE7D1A922D32D1800E36AD7 /* tabBar1 */ = {
			isa = PBXNativeTarget;
			buildConfigurationList = 1EE7D1BC22D32D1900E36AD7 /* Build configuration list for PBXNativeTarget "tabBar1" */;
			buildPhases = (
				1EE7D1A622D32D1800E36AD7 /* Sources */,
				1EE7D1A722D32D1800E36AD7 /* Frameworks */,
				1EE7D1A822D32D1800E36AD7 /* Resources */,
			);
			buildRules = (
			);
			dependencies = (
			);
			name = tabBar1;
			productName = tabBar1;
			productReference = 1EE7D1AA22D32D1800E36AD7 /* tabBar1.app */;
			productType = "com.apple.product-type.application";
		};
/* End PBXNativeTarget section */

/* Begin PBXProject section */
		1EE7D1A222D32D1800E36AD7 /* Project object */ = {
			isa = PBXProject;
			attributes = {
				LastSwiftUpdateCheck = 1020;
				LastUpgradeCheck = 1020;
				ORGANIZATIONNAME = "関口大海";
				TargetAttributes = {
					1EE7D1A922D32D1800E36AD7 = {
						CreatedOnToolsVersion = 10.2.1;
					};
				};
			};
			buildConfigurationList = 1EE7D1A522D32D1800E36AD7 /* Build configuration list for PBXProject "tabBar1" */;
			compatibilityVersion = "Xcode 9.3";
			developmentRegion = en;
			hasScannedForEncodings = 0;
			knownRegions = (
				en,
				Base,
			);
			mainGroup = 1EE7D1A122D32D1800E36AD7;
			productRefGroup = 1EE7D1AB22D32D1800E36AD7 /* Products */;
			projectDirPath = "";
			projectRoot = "";
			targets = (
				1EE7D1A922D32D1800E36AD7 /* tabBar1 */,
			);
		};
/* End PBXProject section */

/* Begin PBXResourcesBuildPhase section */
		1EE7D1A822D32D1800E36AD7 /* Resources */ = {
			isa = PBXResourcesBuildPhase;
			buildActionMask = 2147483647;
			files = (
				1EE7D1B822D32D1900E36AD7 /* LaunchScreen.storyboard in Resources */,
				1EE7D1B522D32D1900E36AD7 /* Assets.xcassets in Resources */,
				1EE7D1B322D32D1800E36AD7 /* Main.storyboard in Resources */,
			);
			runOnlyForDeploymentPostprocessing = 0;
		};
/* End PBXResourcesBuildPhase section */

/* Begin PBXSourcesBuildPhase section */
		1EE7D1A622D32D1800E36AD7 /* Sources */ = {
			isa = PBXSourcesBuildPhase;
			buildActionMask = 2147483647;
			files = (
				1EE7D1CC22D3449B00E36AD7 /* BackViewController.swift in Sources */,
				1EE7D1B022D32D1800E36AD7 /* vc1.swift in Sources */,
				1EE7D1CA22D3437400E36AD7 /* CloseViewController.swift in Sources */,
				1EE7D1AE22D32D1800E36AD7 /* AppDelegate.swift in Sources */,
				1EE7D1C222D32E9600E36AD7 /* vc3.swift in Sources */,
				1EE7D1C722D3369800E36AD7 /* TabBarController.swift in Sources */,
				1EE7D1C022D32E8200E36AD7 /* vc2.swift in Sources */,
			);
			runOnlyForDeploymentPostprocessing = 0;
		};
/* End PBXSourcesBuildPhase section */

/* Begin PBXVariantGroup section */
		1EE7D1B122D32D1800E36AD7 /* Main.storyboard */ = {
			isa = PBXVariantGroup;
			children = (
				1EE7D1B222D32D1800E36AD7 /* Base */,
			);
			name = Main.storyboard;
			sourceTree = "<group>";
		};
		1EE7D1B622D32D1900E36AD7 /* LaunchScreen.storyboard */ = {
			isa = PBXVariantGroup;
			children = (
				1EE7D1B722D32D1900E36AD7 /* Base */,
			);
			name = LaunchScreen.storyboard;
			sourceTree = "<group>";
		};
/* End PBXVariantGroup section */

/* Begin XCBuildConfiguration section */
		1EE7D1BA22D32D1900E36AD7 /* Debug */ = {
			isa = XCBuildConfiguration;
			buildSettings = {
				ALWAYS_SEARCH_USER_PATHS = NO;
				CLANG_ANALYZER_NONNULL = YES;
				CLANG_ANALYZER_NUMBER_OBJECT_CONVERSION = YES_AGGRESSIVE;
				CLANG_CXX_LANGUAGE_STANDARD = "gnu++14";
				CLANG_CXX_LIBRARY = "libc++";
				CLANG_ENABLE_MODULES = YES;
				CLANG_ENABLE_OBJC_ARC = YES;
				CLANG_ENABLE_OBJC_WEAK = YES;
				CLANG_WARN_BLOCK_CAPTURE_AUTORELEASING = YES;
				CLANG_WARN_BOOL_CONVERSION = YES;
				CLANG_WARN_COMMA = YES;
				CLANG_WARN_CONSTANT_CONVERSION = YES;
				CLANG_WARN_DEPRECATED_OBJC_IMPLEMENTATIONS = YES;
				CLANG_WARN_DIRECT_OBJC_ISA_USAGE = YES_ERROR;
				CLANG_WARN_DOCUMENTATION_COMMENTS = YES;
				CLANG_WARN_EMPTY_BODY = YES;
				CLANG_WARN_ENUM_CONVERSION = YES;
				CLANG_WARN_INFINITE_RECURSION = YES;
				CLANG_WARN_INT_CONVERSION = YES;
				CLANG_WARN_NON_LITERAL_NULL_CONVERSION = YES;
				CLANG_WARN_OBJC_IMPLICIT_RETAIN_SELF = YES;
				CLANG_WARN_OBJC_LITERAL_CONVERSION = YES;
				CLANG_WARN_OBJC_ROOT_CLASS = YES_ERROR;
				CLANG_WARN_RANGE_LOOP_ANALYSIS = YES;
				CLANG_WARN_STRICT_PROTOTYPES = YES;
				CLANG_WARN_SUSPICIOUS_MOVE = YES;
				CLANG_WARN_UNGUARDED_AVAILABILITY = YES_AGGRESSIVE;
				CLANG_WARN_UNREACHABLE_CODE = YES;
				CLANG_WARN__DUPLICATE_METHOD_MATCH = YES;
				CODE_SIGN_IDENTITY = "iPhone Developer";
				COPY_PHASE_STRIP = NO;
				DEBUG_INFORMATION_FORMAT = dwarf;
				ENABLE_STRICT_OBJC_MSGSEND = YES;
				ENABLE_TESTABILITY = YES;
				GCC_C_LANGUAGE_STANDARD = gnu11;
				GCC_DYNAMIC_NO_PIC = NO;
				GCC_NO_COMMON_BLOCKS = YES;
				GCC_OPTIMIZATION_LEVEL = 0;
				GCC_PREPROCESSOR_DEFINITIONS = (
					"DEBUG=1",
					"$(inherited)",
				);
				GCC_WARN_64_TO_32_BIT_CONVERSION = YES;
				GCC_WARN_ABOUT_RETURN_TYPE = YES_ERROR;
				GCC_WARN_UNDECLARED_SELECTOR = YES;
				GCC_WARN_UNINITIALIZED_AUTOS = YES_AGGRESSIVE;
				GCC_WARN_UNUSED_FUNCTION = YES;
				GCC_WARN_UNUSED_VARIABLE = YES;
				IPHONEOS_DEPLOYMENT_TARGET = 12.2;
				MTL_ENABLE_DEBUG_INFO = INCLUDE_SOURCE;
				MTL_FAST_MATH = YES;
				ONLY_ACTIVE_ARCH = YES;
				SDKROOT = iphoneos;
				SWIFT_ACTIVE_COMPILATION_CONDITIONS = DEBUG;
				SWIFT_OPTIMIZATION_LEVEL = "-Onone";
			};
			name = Debug;
		};
		1EE7D1BB22D32D1900E36AD7 /* Release */ = {
			isa = XCBuildConfiguration;
			buildSettings = {
				ALWAYS_SEARCH_USER_PATHS = NO;
				CLANG_ANALYZER_NONNULL = YES;
				CLANG_ANALYZER_NUMBER_OBJECT_CONVERSION = YES_AGGRESSIVE;
				CLANG_CXX_LANGUAGE_STANDARD = "gnu++14";
				CLANG_CXX_LIBRARY = "libc++";
				CLANG_ENABLE_MODULES = YES;
				CLANG_ENABLE_OBJC_ARC = YES;
				CLANG_ENABLE_OBJC_WEAK = YES;
				CLANG_WARN_BLOCK_CAPTURE_AUTORELEASING = YES;
				CLANG_WARN_BOOL_CONVERSION = YES;
				CLANG_WARN_COMMA = YES;
				CLANG_WARN_CONSTANT_CONVERSION = YES;
				CLANG_WARN_DEPRECATED_OBJC_IMPLEMENTATIONS = YES;
				CLANG_WARN_DIRECT_OBJC_ISA_USAGE = YES_ERROR;
				CLANG_WARN_DOCUMENTATION_COMMENTS = YES;
				CLANG_WARN_EMPTY_BODY = YES;
				CLANG_WARN_ENUM_CONVERSION = YES;
				CLANG_WARN_INFINITE_RECURSION = YES;
				CLANG_WARN_INT_CONVERSION = YES;
				CLANG_WARN_NON_LITERAL_NULL_CONVERSION = YES;
				CLANG_WARN_OBJC_IMPLICIT_RETAIN_SELF = YES;
				CLANG_WARN_OBJC_LITERAL_CONVERSION = YES;
				CLANG_WARN_OBJC_ROOT_CLASS = YES_ERROR;
				CLANG_WARN_RANGE_LOOP_ANALYSIS = YES;
				CLANG_WARN_STRICT_PROTOTYPES = YES;
				CLANG_WARN_SUSPICIOUS_MOVE = YES;
				CLANG_WARN_UNGUARDED_AVAILABILITY = YES_AGGRESSIVE;
				CLANG_WARN_UNREACHABLE_CODE = YES;
				CLANG_WARN__DUPLICATE_METHOD_MATCH = YES;
				CODE_SIGN_IDENTITY = "iPhone Developer";
				COPY_PHASE_STRIP = NO;
				DEBUG_INFORMATION_FORMAT = "dwarf-with-dsym";
				ENABLE_NS_ASSERTIONS = NO;
				ENABLE_STRICT_OBJC_MSGSEND = YES;
				GCC_C_LANGUAGE_STANDARD = gnu11;
				GCC_NO_COMMON_BLOCKS = YES;
				GCC_WARN_64_TO_32_BIT_CONVERSION = YES;
				GCC_WARN_ABOUT_RETURN_TYPE = YES_ERROR;
				GCC_WARN_UNDECLARED_SELECTOR = YES;
				GCC_WARN_UNINITIALIZED_AUTOS = YES_AGGRESSIVE;
				GCC_WARN_UNUSED_FUNCTION = YES;
				GCC_WARN_UNUSED_VARIABLE = YES;
				IPHONEOS_DEPLOYMENT_TARGET = 12.2;
				MTL_ENABLE_DEBUG_INFO = NO;
				MTL_FAST_MATH = YES;
				SDKROOT = iphoneos;
				SWIFT_COMPILATION_MODE = wholemodule;
				SWIFT_OPTIMIZATION_LEVEL = "-O";
				VALIDATE_PRODUCT = YES;
			};
			name = Release;
		};
		1EE7D1BD22D32D1900E36AD7 /* Debug */ = {
			isa = XCBuildConfiguration;
			buildSettings = {
				ASSETCATALOG_COMPILER_APPICON_NAME = AppIcon;
				CODE_SIGN_STYLE = Automatic;
				DEVELOPMENT_TEAM = QP36H4JAT7;
				INFOPLIST_FILE = tabBar1/Info.plist;
				LD_RUNPATH_SEARCH_PATHS = (
					"$(inherited)",
					"@executable_path/Frameworks",
				);
				PRODUCT_BUNDLE_IDENTIFIER = com.eHime.tabBar1;
				PRODUCT_NAME = "$(TARGET_NAME)";
				SWIFT_VERSION = 5.0;
				TARGETED_DEVICE_FAMILY = "1,2";
			};
			name = Debug;
		};
		1EE7D1BE22D32D1900E36AD7 /* Release */ = {
			isa = XCBuildConfiguration;
			buildSettings = {
				ASSETCATALOG_COMPILER_APPICON_NAME = AppIcon;
				CODE_SIGN_STYLE = Automatic;
				DEVELOPMENT_TEAM = QP36H4JAT7;
				INFOPLIST_FILE = tabBar1/Info.plist;
				LD_RUNPATH_SEARCH_PATHS = (
					"$(inherited)",
					"@executable_path/Frameworks",
				);
				PRODUCT_BUNDLE_IDENTIFIER = com.eHime.tabBar1;
				PRODUCT_NAME = "$(TARGET_NAME)";
				SWIFT_VERSION = 5.0;
				TARGETED_DEVICE_FAMILY = "1,2";
			};
			name = Release;
		};
/* End XCBuildConfiguration section */

/* Begin XCConfigurationList section */
		1EE7D1A522D32D1800E36AD7 /* Build configuration list for PBXProject "tabBar1" */ = {
			isa = XCConfigurationList;
			buildConfigurations = (
				1EE7D1BA22D32D1900E36AD7 /* Debug */,
				1EE7D1BB22D32D1900E36AD7 /* Release */,
			);
			defaultConfigurationIsVisible = 0;
			defaultConfigurationName = Release;
		};
		1EE7D1BC22D32D1900E36AD7 /* Build configuration list for PBXNativeTarget "tabBar1" */ = {
			isa = XCConfigurationList;
			buildConfigurations = (
				1EE7D1BD22D32D1900E36AD7 /* Debug */,
				1EE7D1BE22D32D1900E36AD7 /* Release */,
			);
			defaultConfigurationIsVisible = 0;
			defaultConfigurationName = Release;
		};
/* End XCConfigurationList section */
	};
	rootObject = 1EE7D1A222D32D1800E36AD7 /* Project object */;
}
